dependencies:
- name: manifest-storage-service-chart
  repository: oci://quay.io/sbomer
  version: 0.1.16
- name: sbom-service-chart
  repository: oci://quay.io/sbomer
  version: 0.1.26
- name: syft-generator-chart
  repository: oci://quay.io/sbomer
  version: 0.1.17
- name: java-generator-chart
  repository: oci://quay.io/sbomer
  version: 0.1.3
- name: dela-generator-chart
  repository: oci://quay.io/sbomer
  version: 0.1.1
- name: pnc-generator-chart
  repository: oci://quay.io/sbomer
  version: 0.1.1
- name: ui-chart
  repository: oci://quay.io/sbomer
  version: 0.1.58
- name: dtrack-publisher-chart
  repository: oci://quay.io/sbomer
  version: 0.1.3
- name: dependency-track
  repository: https://dependencytrack.github.io/helm-charts
  version: 0.41.0
digest: sha256:cecaa76b725a405cab09c068839090e4d2185ab46299772374afd00723b11a96
generated: "2026-04-27T14:03:28.652005123+02:00"
