dependencies:
- name: manifest-storage-service-chart
  repository: oci://quay.io/sbomer
  version: 0.1.5
- name: sbom-service-chart
  repository: oci://quay.io/sbomer
  version: 0.1.3
- name: syft-generator-chart
  repository: oci://quay.io/sbomer
  version: 0.1.4
digest: sha256:a06232182c1e80d066ad404b892d674f574ce8daac1b8f73758b59fe68ae5180
generated: "2025-12-15T16:42:23.728289+01:00"
